
Microsoft Visual Studio Solution File, Format Version 12.00
# Visual Studio Version 17
VisualStudioVersion = 17.7.34003.232
MinimumVisualStudioVersion = 10.0.40219.1
Project("{FAE04EC0-301F-11D3-BF4B-00C04F79EFBC}") = "CV19", "CV19\CV19.csproj", "{F7CAAD36-A4F8-4C9F-824C-C7BF21FEAE5D}"
EndProject
Project("{2150E333-8FDC-42A3-9474-1A3956D46DE8}") = "Tests", "Tests", "{4A4AEE3D-B66D-40EC-AFBC-10ABDAD4A89F}"
EndProject
Project("{FAE04EC0-301F-11D3-BF4B-00C04F79EFBC}") = "CV19Console", "Tests\CV19Console\CV19Console.csproj", "{5691C722-1257-4D5C-A48D-B4C831465936}"
EndProject
Global
	GlobalSection(SolutionConfigurationPlatforms) = preSolution
		Debug|Any CPU = Debug|Any CPU
		Release|Any CPU = Release|Any CPU
	EndGlobalSection
	GlobalSection(ProjectConfigurationPlatforms) = postSolution
		{F7CAAD36-A4F8-4C9F-824C-C7BF21FEAE5D}.Debug|Any CPU.ActiveCfg = Debug|Any CPU
		{F7CAAD36-A4F8-4C9F-824C-C7BF21FEAE5D}.Debug|Any CPU.Build.0 = Debug|Any CPU
		{F7CAAD36-A4F8-4C9F-824C-C7BF21FEAE5D}.Release|Any CPU.ActiveCfg = Release|Any CPU
		{F7CAAD36-A4F8-4C9F-824C-C7BF21FEAE5D}.Release|Any CPU.Build.0 = Release|Any CPU
		{5691C722-1257-4D5C-A48D-B4C831465936}.Debug|Any CPU.ActiveCfg = Debug|Any CPU
		{5691C722-1257-4D5C-A48D-B4C831465936}.Debug|Any CPU.Build.0 = Debug|Any CPU
		{5691C722-1257-4D5C-A48D-B4C831465936}.Release|Any CPU.ActiveCfg = Release|Any CPU
		{5691C722-1257-4D5C-A48D-B4C831465936}.Release|Any CPU.Build.0 = Release|Any CPU
	EndGlobalSection
	GlobalSection(SolutionProperties) = preSolution
		HideSolutionNode = FALSE
	EndGlobalSection
	GlobalSection(NestedProjects) = preSolution
		{5691C722-1257-4D5C-A48D-B4C831465936} = {4A4AEE3D-B66D-40EC-AFBC-10ABDAD4A89F}
	EndGlobalSection
	GlobalSection(ExtensibilityGlobals) = postSolution
		SolutionGuid = {46C9D946-38F4-4169-9356-5F7EDD2C97F2}
	EndGlobalSection
EndGlobal
